
Microsoft Visual Studio Solution File, Format Version 12.00
# Visual Studio Version 17
VisualStudioVersion = 17.6.33723.286
MinimumVisualStudioVersion = 10.0.40219.1
Project("{FAE04EC0-301F-11D3-BF4B-00C04F79EFBC}") = "MealOrddering.Server", "MealOrddering\Server\MealOrddering.Server.csproj", "{10A46812-C18F-49C4-87E4-C5143EFD8135}"
EndProject
Project("{FAE04EC0-301F-11D3-BF4B-00C04F79EFBC}") = "MealOrddering.Client", "MealOrddering\Client\MealOrddering.Client.csproj", "{3EF7CB48-A25D-4041-A060-748F9BD9E9F6}"
EndProject
Project("{FAE04EC0-301F-11D3-BF4B-00C04F79EFBC}") = "MealOrddering.Shared", "MealOrddering\Shared\MealOrddering.Shared.csproj", "{9B985559-1BD7-4B48-A7AA-5724423896AE}"
EndProject
Global
	GlobalSection(SolutionConfigurationPlatforms) = preSolution
		Debug|Any CPU = Debug|Any CPU
		Release|Any CPU = Release|Any CPU
	EndGlobalSection
	GlobalSection(ProjectConfigurationPlatforms) = postSolution
		{10A46812-C18F-49C4-87E4-C5143EFD8135}.Debug|Any CPU.ActiveCfg = Debug|Any CPU
		{10A46812-C18F-49C4-87E4-C5143EFD8135}.Debug|Any CPU.Build.0 = Debug|Any CPU
		{10A46812-C18F-49C4-87E4-C5143EFD8135}.Release|Any CPU.ActiveCfg = Release|Any CPU
		{10A46812-C18F-49C4-87E4-C5143EFD8135}.Release|Any CPU.Build.0 = Release|Any CPU
		{3EF7CB48-A25D-4041-A060-748F9BD9E9F6}.Debug|Any CPU.ActiveCfg = Debug|Any CPU
		{3EF7CB48-A25D-4041-A060-748F9BD9E9F6}.Debug|Any CPU.Build.0 = Debug|Any CPU
		{3EF7CB48-A25D-4041-A060-748F9BD9E9F6}.Release|Any CPU.ActiveCfg = Release|Any CPU
		{3EF7CB48-A25D-4041-A060-748F9BD9E9F6}.Release|Any CPU.Build.0 = Release|Any CPU
		{9B985559-1BD7-4B48-A7AA-5724423896AE}.Debug|Any CPU.ActiveCfg = Debug|Any CPU
		{9B985559-1BD7-4B48-A7AA-5724423896AE}.Debug|Any CPU.Build.0 = Debug|Any CPU
		{9B985559-1BD7-4B48-A7AA-5724423896AE}.Release|Any CPU.ActiveCfg = Release|Any CPU
		{9B985559-1BD7-4B48-A7AA-5724423896AE}.Release|Any CPU.Build.0 = Release|Any CPU
	EndGlobalSection
	GlobalSection(SolutionProperties) = preSolution
		HideSolutionNode = FALSE
	EndGlobalSection
	GlobalSection(ExtensibilityGlobals) = postSolution
		SolutionGuid = {42CE5520-1BD5-424D-BA3D-B017F7462A8F}
	EndGlobalSection
EndGlobal
